// !$*UTF8*$!
{
	archiveVersion = 1;
	classes = {
	};
	objectVersion = 50;
	objects = {

/* Begin PBXBuildFile section */
		EDB9479C22EA39CF000B3640 /* AppDelegate.swift in Sources */ = {isa = PBXBuildFile; fileRef = EDB9479B22EA39CF000B3640 /* AppDelegate.swift */; };
		EDB9479E22EA39CF000B3640 /* HomeTableController.swift in Sources */ = {isa = PBXBuildFile; fileRef = EDB9479D22EA39CF000B3640 /* HomeTableController.swift */; };
		EDB947A122EA39CF000B3640 /* Main.storyboard in Resources */ = {isa = PBXBuildFile; fileRef = EDB9479F22EA39CF000B3640 /* Main.storyboard */; };
		EDB947A322EA39D0000B3640 /* Assets.xcassets in Resources */ = {isa = PBXBuildFile; fileRef = EDB947A222EA39D0000B3640 /* Assets.xcassets */; };
		EDB947A622EA39D0000B3640 /* LaunchScreen.storyboard in Resources */ = {isa = PBXBuildFile; fileRef = EDB947A422EA39D0000B3640 /* LaunchScreen.storyboard */; };
		EDB947AF22EA3A59000B3640 /* CreateCompanyController.swift in Sources */ = {isa = PBXBuildFile; fileRef = EDB947AE22EA3A59000B3640 /* CreateCompanyController.swift */; };
		EDB947B422EA3A95000B3640 /* Extensions.swift in Sources */ = {isa = PBXBuildFile; fileRef = EDB947B322EA3A95000B3640 /* Extensions.swift */; };
		EDB947B722EA3AC0000B3640 /* CourseCoreDataModels.xcdatamodeld in Sources */ = {isa = PBXBuildFile; fileRef = EDB947B522EA3AC0000B3640 /* CourseCoreDataModels.xcdatamodeld */; };
		EDB947B922EA3B4C000B3640 /* Company.swift in Sources */ = {isa = PBXBuildFile; fileRef = EDB947B822EA3B4C000B3640 /* Company.swift */; };
		EDB947BC22EA407E000B3640 /* CoreDataManager.swift in Sources */ = {isa = PBXBuildFile; fileRef = EDB947BB22EA407E000B3640 /* CoreDataManager.swift */; };
		EDB947BE22EA726C000B3640 /* CompanyCell.swift in Sources */ = {isa = PBXBuildFile; fileRef = EDB947BD22EA726C000B3640 /* CompanyCell.swift */; };
/* End PBXBuildFile section */

/* Begin PBXFileReference section */
		EDB9479822EA39CF000B3640 /* CourseCoreData.app */ = {isa = PBXFileReference; explicitFileType = wrapper.application; includeInIndex = 0; path = CourseCoreData.app; sourceTree = BUILT_PRODUCTS_DIR; };
		EDB9479B22EA39CF000B3640 /* AppDelegate.swift */ = {isa = PBXFileReference; lastKnownFileType = sourcecode.swift; path = AppDelegate.swift; sourceTree = "<group>"; };
		EDB9479D22EA39CF000B3640 /* HomeTableController.swift */ = {isa = PBXFileReference; lastKnownFileType = sourcecode.swift; path = HomeTableController.swift; sourceTree = "<group>"; };
		EDB947A022EA39CF000B3640 /* Base */ = {isa = PBXFileReference; lastKnownFileType = file.storyboard; name = Base; path = Base.lproj/Main.storyboard; sourceTree = "<group>"; };
		EDB947A222EA39D0000B3640 /* Assets.xcassets */ = {isa = PBXFileReference; lastKnownFileType = folder.assetcatalog; path = Assets.xcassets; sourceTree = "<group>"; };
		EDB947A522EA39D0000B3640 /* Base */ = {isa = PBXFileReference; lastKnownFileType = file.storyboard; name = Base; path = Base.lproj/LaunchScreen.storyboard; sourceTree = "<group>"; };
		EDB947A722EA39D0000B3640 /* Info.plist */ = {isa = PBXFileReference; lastKnownFileType = text.plist.xml; path = Info.plist; sourceTree = "<group>"; };
		EDB947AE22EA3A59000B3640 /* CreateCompanyController.swift */ = {isa = PBXFileReference; lastKnownFileType = sourcecode.swift; path = CreateCompanyController.swift; sourceTree = "<group>"; };
		EDB947B322EA3A95000B3640 /* Extensions.swift */ = {isa = PBXFileReference; lastKnownFileType = sourcecode.swift; path = Extensions.swift; sourceTree = "<group>"; };
		EDB947B622EA3AC0000B3640 /* CourseCoreDataModels.xcdatamodel */ = {isa = PBXFileReference; lastKnownFileType = wrapper.xcdatamodel; path = CourseCoreDataModels.xcdatamodel; sourceTree = "<group>"; };
		EDB947B822EA3B4C000B3640 /* Company.swift */ = {isa = PBXFileReference; lastKnownFileType = sourcecode.swift; path = Company.swift; sourceTree = "<group>"; };
		EDB947BB22EA407E000B3640 /* CoreDataManager.swift */ = {isa = PBXFileReference; lastKnownFileType = sourcecode.swift; path = CoreDataManager.swift; sourceTree = "<group>"; };
		EDB947BD22EA726C000B3640 /* CompanyCell.swift */ = {isa = PBXFileReference; lastKnownFileType = sourcecode.swift; path = CompanyCell.swift; sourceTree = "<group>"; };
/* End PBXFileReference section */

/* Begin PBXFrameworksBuildPhase section */
		EDB9479522EA39CF000B3640 /* Frameworks */ = {
			isa = PBXFrameworksBuildPhase;
			buildActionMask = 2147483647;
			files = (
			);
			runOnlyForDeploymentPostprocessing = 0;
		};
/* End PBXFrameworksBuildPhase section */

/* Begin PBXGroup section */
		EDB9478F22EA39CF000B3640 = {
			isa = PBXGroup;
			children = (
				EDB9479A22EA39CF000B3640 /* CourseCoreData */,
				EDB9479922EA39CF000B3640 /* Products */,
			);
			sourceTree = "<group>";
		};
		EDB9479922EA39CF000B3640 /* Products */ = {
			isa = PBXGroup;
			children = (
				EDB9479822EA39CF000B3640 /* CourseCoreData.app */,
			);
			name = Products;
			sourceTree = "<group>";
		};
		EDB9479A22EA39CF000B3640 /* CourseCoreData */ = {
			isa = PBXGroup;
			children = (
				EDB947BA22EA4066000B3640 /* CoreDataManager */,
				EDB947B222EA3A88000B3640 /* Helpers */,
				EDB947B122EA3A64000B3640 /* Models */,
				EDB947B022EA3A5F000B3640 /* Views */,
				EDB947AD22EA3A45000B3640 /* Controllers */,
				EDB9479B22EA39CF000B3640 /* AppDelegate.swift */,
				EDB9479F22EA39CF000B3640 /* Main.storyboard */,
				EDB947A222EA39D0000B3640 /* Assets.xcassets */,
				EDB947A422EA39D0000B3640 /* LaunchScreen.storyboard */,
				EDB947A722EA39D0000B3640 /* Info.plist */,
				EDB947B522EA3AC0000B3640 /* CourseCoreDataModels.xcdatamodeld */,
			);
			path = CourseCoreData;
			sourceTree = "<group>";
		};
		EDB947AD22EA3A45000B3640 /* Controllers */ = {
			isa = PBXGroup;
			children = (
				EDB9479D22EA39CF000B3640 /* HomeTableController.swift */,
				EDB947AE22EA3A59000B3640 /* CreateCompanyController.swift */,
			);
			path = Controllers;
			sourceTree = "<group>";
		};
		EDB947B022EA3A5F000B3640 /* Views */ = {
			isa = PBXGroup;
			children = (
				EDB947BD22EA726C000B3640 /* CompanyCell.swift */,
			);
			path = Views;
			sourceTree = "<group>";
		};
		EDB947B122EA3A64000B3640 /* Models */ = {
			isa = PBXGroup;
			children = (
				EDB947B822EA3B4C000B3640 /* Company.swift */,
			);
			path = Models;
			sourceTree = "<group>";
		};
		EDB947B222EA3A88000B3640 /* Helpers */ = {
			isa = PBXGroup;
			children = (
				EDB947B322EA3A95000B3640 /* Extensions.swift */,
			);
			path = Helpers;
			sourceTree = "<group>";
		};
		EDB947BA22EA4066000B3640 /* CoreDataManager */ = {
			isa = PBXGroup;
			children = (
				EDB947BB22EA407E000B3640 /* CoreDataManager.swift */,
			);
			path = CoreDataManager;
			sourceTree = "<group>";
		};
/* End PBXGroup section */

/* Begin PBXNativeTarget section */
		EDB9479722EA39CF000B3640 /* CourseCoreData */ = {
			isa = PBXNativeTarget;
			buildConfigurationList = EDB947AA22EA39D0000B3640 /* Build configuration list for PBXNativeTarget "CourseCoreData" */;
			buildPhases = (
				EDB9479422EA39CF000B3640 /* Sources */,
				EDB9479522EA39CF000B3640 /* Frameworks */,
				EDB9479622EA39CF000B3640 /* Resources */,
			);
			buildRules = (
			);
			dependencies = (
			);
			name = CourseCoreData;
			productName = CourseCoreData;
			productReference = EDB9479822EA39CF000B3640 /* CourseCoreData.app */;
			productType = "com.apple.product-type.application";
		};
/* End PBXNativeTarget section */

/* Begin PBXProject section */
		EDB9479022EA39CF000B3640 /* Project object */ = {
			isa = PBXProject;
			attributes = {
				LastSwiftUpdateCheck = 1030;
				LastUpgradeCheck = 1030;
				ORGANIZATIONNAME = "Kirill Ivanoff";
				TargetAttributes = {
					EDB9479722EA39CF000B3640 = {
						CreatedOnToolsVersion = 10.3;
					};
				};
			};
			buildConfigurationList = EDB9479322EA39CF000B3640 /* Build configuration list for PBXProject "CourseCoreData" */;
			compatibilityVersion = "Xcode 9.3";
			developmentRegion = en;
			hasScannedForEncodings = 0;
			knownRegions = (
				en,
				Base,
			);
			mainGroup = EDB9478F22EA39CF000B3640;
			productRefGroup = EDB9479922EA39CF000B3640 /* Products */;
			projectDirPath = "";
			projectRoot = "";
			targets = (
				EDB9479722EA39CF000B3640 /* CourseCoreData */,
			);
		};
/* End PBXProject section */

/* Begin PBXResourcesBuildPhase section */
		EDB9479622EA39CF000B3640 /* Resources */ = {
			isa = PBXResourcesBuildPhase;
			buildActionMask = 2147483647;
			files = (
				EDB947A622EA39D0000B3640 /* LaunchScreen.storyboard in Resources */,
				EDB947A322EA39D0000B3640 /* Assets.xcassets in Resources */,
				EDB947A122EA39CF000B3640 /* Main.storyboard in Resources */,
			);
			runOnlyForDeploymentPostprocessing = 0;
		};
/* End PBXResourcesBuildPhase section */

/* Begin PBXSourcesBuildPhase section */
		EDB9479422EA39CF000B3640 /* Sources */ = {
			isa = PBXSourcesBuildPhase;
			buildActionMask = 2147483647;
			files = (
				EDB9479E22EA39CF000B3640 /* HomeTableController.swift in Sources */,
				EDB9479C22EA39CF000B3640 /* AppDelegate.swift in Sources */,
				EDB947AF22EA3A59000B3640 /* CreateCompanyController.swift in Sources */,
				EDB947BE22EA726C000B3640 /* CompanyCell.swift in Sources */,
				EDB947B722EA3AC0000B3640 /* CourseCoreDataModels.xcdatamodeld in Sources */,
				EDB947B422EA3A95000B3640 /* Extensions.swift in Sources */,
				EDB947BC22EA407E000B3640 /* CoreDataManager.swift in Sources */,
				EDB947B922EA3B4C000B3640 /* Company.swift in Sources */,
			);
			runOnlyForDeploymentPostprocessing = 0;
		};
/* End PBXSourcesBuildPhase section */

/* Begin PBXVariantGroup section */
		EDB9479F22EA39CF000B3640 /* Main.storyboard */ = {
			isa = PBXVariantGroup;
			children = (
				EDB947A022EA39CF000B3640 /* Base */,
			);
			name = Main.storyboard;
			sourceTree = "<group>";
		};
		EDB947A422EA39D0000B3640 /* LaunchScreen.storyboard */ = {
			isa = PBXVariantGroup;
			children = (
				EDB947A522EA39D0000B3640 /* Base */,
			);
			name = LaunchScreen.storyboard;
			sourceTree = "<group>";
		};
/* End PBXVariantGroup section */

/* Begin XCBuildConfiguration section */
		EDB947A822EA39D0000B3640 /* Debug */ = {
			isa = XCBuildConfiguration;
			buildSettings = {
				ALWAYS_SEARCH_USER_PATHS = NO;
				CLANG_ANALYZER_NONNULL = YES;
				CLANG_ANALYZER_NUMBER_OBJECT_CONVERSION = YES_AGGRESSIVE;
				CLANG_CXX_LANGUAGE_STANDARD = "gnu++14";
				CLANG_CXX_LIBRARY = "libc++";
				CLANG_ENABLE_MODULES = YES;
				CLANG_ENABLE_OBJC_ARC = YES;
				CLANG_ENABLE_OBJC_WEAK = YES;
				CLANG_WARN_BLOCK_CAPTURE_AUTORELEASING = YES;
				CLANG_WARN_BOOL_CONVERSION = YES;
				CLANG_WARN_COMMA = YES;
				CLANG_WARN_CONSTANT_CONVERSION = YES;
				CLANG_WARN_DEPRECATED_OBJC_IMPLEMENTATIONS = YES;
				CLANG_WARN_DIRECT_OBJC_ISA_USAGE = YES_ERROR;
				CLANG_WARN_DOCUMENTATION_COMMENTS = YES;
				CLANG_WARN_EMPTY_BODY = YES;
				CLANG_WARN_ENUM_CONVERSION = YES;
				CLANG_WARN_INFINITE_RECURSION = YES;
				CLANG_WARN_INT_CONVERSION = YES;
				CLANG_WARN_NON_LITERAL_NULL_CONVERSION = YES;
				CLANG_WARN_OBJC_IMPLICIT_RETAIN_SELF = YES;
				CLANG_WARN_OBJC_LITERAL_CONVERSION = YES;
				CLANG_WARN_OBJC_ROOT_CLASS = YES_ERROR;
				CLANG_WARN_RANGE_LOOP_ANALYSIS = YES;
				CLANG_WARN_STRICT_PROTOTYPES = YES;
				CLANG_WARN_SUSPICIOUS_MOVE = YES;
				CLANG_WARN_UNGUARDED_AVAILABILITY = YES_AGGRESSIVE;
				CLANG_WARN_UNREACHABLE_CODE = YES;
				CLANG_WARN__DUPLICATE_METHOD_MATCH = YES;
				CODE_SIGN_IDENTITY = "iPhone Developer";
				COPY_PHASE_STRIP = NO;
				DEBUG_INFORMATION_FORMAT = dwarf;
				ENABLE_STRICT_OBJC_MSGSEND = YES;
				ENABLE_TESTABILITY = YES;
				GCC_C_LANGUAGE_STANDARD = gnu11;
				GCC_DYNAMIC_NO_PIC = NO;
				GCC_NO_COMMON_BLOCKS = YES;
				GCC_OPTIMIZATION_LEVEL = 0;
				GCC_PREPROCESSOR_DEFINITIONS = (
					"DEBUG=1",
					"$(inherited)",
				);
				GCC_WARN_64_TO_32_BIT_CONVERSION = YES;
				GCC_WARN_ABOUT_RETURN_TYPE = YES_ERROR;
				GCC_WARN_UNDECLARED_SELECTOR = YES;
				GCC_WARN_UNINITIALIZED_AUTOS = YES_AGGRESSIVE;
				GCC_WARN_UNUSED_FUNCTION = YES;
				GCC_WARN_UNUSED_VARIABLE = YES;
				IPHONEOS_DEPLOYMENT_TARGET = 12.4;
				MTL_ENABLE_DEBUG_INFO = INCLUDE_SOURCE;
				MTL_FAST_MATH = YES;
				ONLY_ACTIVE_ARCH = YES;
				SDKROOT = iphoneos;
				SWIFT_ACTIVE_COMPILATION_CONDITIONS = DEBUG;
				SWIFT_OPTIMIZATION_LEVEL = "-Onone";
			};
			name = Debug;
		};
		EDB947A922EA39D0000B3640 /* Release */ = {
			isa = XCBuildConfiguration;
			buildSettings = {
				ALWAYS_SEARCH_USER_PATHS = NO;
				CLANG_ANALYZER_NONNULL = YES;
				CLANG_ANALYZER_NUMBER_OBJECT_CONVERSION = YES_AGGRESSIVE;
				CLANG_CXX_LANGUAGE_STANDARD = "gnu++14";
				CLANG_CXX_LIBRARY = "libc++";
				CLANG_ENABLE_MODULES = YES;
				CLANG_ENABLE_OBJC_ARC = YES;
				CLANG_ENABLE_OBJC_WEAK = YES;
				CLANG_WARN_BLOCK_CAPTURE_AUTORELEASING = YES;
				CLANG_WARN_BOOL_CONVERSION = YES;
				CLANG_WARN_COMMA = YES;
				CLANG_WARN_CONSTANT_CONVERSION = YES;
				CLANG_WARN_DEPRECATED_OBJC_IMPLEMENTATIONS = YES;
				CLANG_WARN_DIRECT_OBJC_ISA_USAGE = YES_ERROR;
				CLANG_WARN_DOCUMENTATION_COMMENTS = YES;
				CLANG_WARN_EMPTY_BODY = YES;
				CLANG_WARN_ENUM_CONVERSION = YES;
				CLANG_WARN_INFINITE_RECURSION = YES;
				CLANG_WARN_INT_CONVERSION = YES;
				CLANG_WARN_NON_LITERAL_NULL_CONVERSION = YES;
				CLANG_WARN_OBJC_IMPLICIT_RETAIN_SELF = YES;
				CLANG_WARN_OBJC_LITERAL_CONVERSION = YES;
				CLANG_WARN_OBJC_ROOT_CLASS = YES_ERROR;
				CLANG_WARN_RANGE_LOOP_ANALYSIS = YES;
				CLANG_WARN_STRICT_PROTOTYPES = YES;
				CLANG_WARN_SUSPICIOUS_MOVE = YES;
				CLANG_WARN_UNGUARDED_AVAILABILITY = YES_AGGRESSIVE;
				CLANG_WARN_UNREACHABLE_CODE = YES;
				CLANG_WARN__DUPLICATE_METHOD_MATCH = YES;
				CODE_SIGN_IDENTITY = "iPhone Developer";
				COPY_PHASE_STRIP = NO;
				DEBUG_INFORMATION_FORMAT = "dwarf-with-dsym";
				ENABLE_NS_ASSERTIONS = NO;
				ENABLE_STRICT_OBJC_MSGSEND = YES;
				GCC_C_LANGUAGE_STANDARD = gnu11;
				GCC_NO_COMMON_BLOCKS = YES;
				GCC_WARN_64_TO_32_BIT_CONVERSION = YES;
				GCC_WARN_ABOUT_RETURN_TYPE = YES_ERROR;
				GCC_WARN_UNDECLARED_SELECTOR = YES;
				GCC_WARN_UNINITIALIZED_AUTOS = YES_AGGRESSIVE;
				GCC_WARN_UNUSED_FUNCTION = YES;
				GCC_WARN_UNUSED_VARIABLE = YES;
				IPHONEOS_DEPLOYMENT_TARGET = 12.4;
				MTL_ENABLE_DEBUG_INFO = NO;
				MTL_FAST_MATH = YES;
				SDKROOT = iphoneos;
				SWIFT_COMPILATION_MODE = wholemodule;
				SWIFT_OPTIMIZATION_LEVEL = "-O";
				VALIDATE_PRODUCT = YES;
			};
			name = Release;
		};
		EDB947AB22EA39D0000B3640 /* Debug */ = {
			isa = XCBuildConfiguration;
			buildSettings = {
				ASSETCATALOG_COMPILER_APPICON_NAME = AppIcon;
				CODE_SIGN_STYLE = Automatic;
				DEVELOPMENT_TEAM = CW6J7PGNU5;
				INFOPLIST_FILE = CourseCoreData/Info.plist;
				LD_RUNPATH_SEARCH_PATHS = (
					"$(inherited)",
					"@executable_path/Frameworks",
				);
				PRODUCT_BUNDLE_IDENTIFIER = com.Ivanoff.K.CourseCoreData;
				PRODUCT_NAME = "$(TARGET_NAME)";
				SWIFT_VERSION = 5.0;
				TARGETED_DEVICE_FAMILY = "1,2";
			};
			name = Debug;
		};
		EDB947AC22EA39D0000B3640 /* Release */ = {
			isa = XCBuildConfiguration;
			buildSettings = {
				ASSETCATALOG_COMPILER_APPICON_NAME = AppIcon;
				CODE_SIGN_STYLE = Automatic;
				DEVELOPMENT_TEAM = CW6J7PGNU5;
				INFOPLIST_FILE = CourseCoreData/Info.plist;
				LD_RUNPATH_SEARCH_PATHS = (
					"$(inherited)",
					"@executable_path/Frameworks",
				);
				PRODUCT_BUNDLE_IDENTIFIER = com.Ivanoff.K.CourseCoreData;
				PRODUCT_NAME = "$(TARGET_NAME)";
				SWIFT_VERSION = 5.0;
				TARGETED_DEVICE_FAMILY = "1,2";
			};
			name = Release;
		};
/* End XCBuildConfiguration section */

/* Begin XCConfigurationList section */
		EDB9479322EA39CF000B3640 /* Build configuration list for PBXProject "CourseCoreData" */ = {
			isa = XCConfigurationList;
			buildConfigurations = (
				EDB947A822EA39D0000B3640 /* Debug */,
				EDB947A922EA39D0000B3640 /* Release */,
			);
			defaultConfigurationIsVisible = 0;
			defaultConfigurationName = Release;
		};
		EDB947AA22EA39D0000B3640 /* Build configuration list for PBXNativeTarget "CourseCoreData" */ = {
			isa = XCConfigurationList;
			buildConfigurations = (
				EDB947AB22EA39D0000B3640 /* Debug */,
				EDB947AC22EA39D0000B3640 /* Release */,
			);
			defaultConfigurationIsVisible = 0;
			defaultConfigurationName = Release;
		};
/* End XCConfigurationList section */

/* Begin XCVersionGroup section */
		EDB947B522EA3AC0000B3640 /* CourseCoreDataModels.xcdatamodeld */ = {
			isa = XCVersionGroup;
			children = (
				EDB947B622EA3AC0000B3640 /* CourseCoreDataModels.xcdatamodel */,
			);
			currentVersion = EDB947B622EA3AC0000B3640 /* CourseCoreDataModels.xcdatamodel */;
			path = CourseCoreDataModels.xcdatamodeld;
			sourceTree = "<group>";
			versionGroupType = wrapper.xcdatamodel;
		};
/* End XCVersionGroup section */
	};
	rootObject = EDB9479022EA39CF000B3640 /* Project object */;
}
