// !$*UTF8*$!
{
	archiveVersion = 1;
	classes = {
	};
	objectVersion = 50;
	objects = {

/* Begin PBXBuildFile section */
		EDB9476922EA0D66000B3640 /* AppDelegate.swift in Sources */ = {isa = PBXBuildFile; fileRef = EDB9476822EA0D66000B3640 /* AppDelegate.swift */; };
		EDB9476B22EA0D66000B3640 /* HomeTableController.swift in Sources */ = {isa = PBXBuildFile; fileRef = EDB9476A22EA0D66000B3640 /* HomeTableController.swift */; };
		EDB9476E22EA0D66000B3640 /* Main.storyboard in Resources */ = {isa = PBXBuildFile; fileRef = EDB9476C22EA0D66000B3640 /* Main.storyboard */; };
		EDB9477022EA0D67000B3640 /* Assets.xcassets in Resources */ = {isa = PBXBuildFile; fileRef = EDB9476F22EA0D67000B3640 /* Assets.xcassets */; };
		EDB9477322EA0D67000B3640 /* LaunchScreen.storyboard in Resources */ = {isa = PBXBuildFile; fileRef = EDB9477122EA0D67000B3640 /* LaunchScreen.storyboard */; };
		EDB9477F22EA170A000B3640 /* Helpers.swift in Sources */ = {isa = PBXBuildFile; fileRef = EDB9477E22EA170A000B3640 /* Helpers.swift */; };
		EDB9478122EA1B40000B3640 /* Company.swift in Sources */ = {isa = PBXBuildFile; fileRef = EDB9478022EA1B40000B3640 /* Company.swift */; };
/* End PBXBuildFile section */

/* Begin PBXFileReference section */
		EDB9476522EA0D66000B3640 /* CoreData.app */ = {isa = PBXFileReference; explicitFileType = wrapper.application; includeInIndex = 0; path = CoreData.app; sourceTree = BUILT_PRODUCTS_DIR; };
		EDB9476822EA0D66000B3640 /* AppDelegate.swift */ = {isa = PBXFileReference; lastKnownFileType = sourcecode.swift; path = AppDelegate.swift; sourceTree = "<group>"; };
		EDB9476A22EA0D66000B3640 /* HomeTableController.swift */ = {isa = PBXFileReference; lastKnownFileType = sourcecode.swift; path = HomeTableController.swift; sourceTree = "<group>"; };
		EDB9476D22EA0D66000B3640 /* Base */ = {isa = PBXFileReference; lastKnownFileType = file.storyboard; name = Base; path = Base.lproj/Main.storyboard; sourceTree = "<group>"; };
		EDB9476F22EA0D67000B3640 /* Assets.xcassets */ = {isa = PBXFileReference; lastKnownFileType = folder.assetcatalog; path = Assets.xcassets; sourceTree = "<group>"; };
		EDB9477222EA0D67000B3640 /* Base */ = {isa = PBXFileReference; lastKnownFileType = file.storyboard; name = Base; path = Base.lproj/LaunchScreen.storyboard; sourceTree = "<group>"; };
		EDB9477422EA0D67000B3640 /* Info.plist */ = {isa = PBXFileReference; lastKnownFileType = text.plist.xml; path = Info.plist; sourceTree = "<group>"; };
		EDB9477E22EA170A000B3640 /* Helpers.swift */ = {isa = PBXFileReference; lastKnownFileType = sourcecode.swift; path = Helpers.swift; sourceTree = "<group>"; };
		EDB9478022EA1B40000B3640 /* Company.swift */ = {isa = PBXFileReference; lastKnownFileType = sourcecode.swift; path = Company.swift; sourceTree = "<group>"; };
/* End PBXFileReference section */

/* Begin PBXFrameworksBuildPhase section */
		EDB9476222EA0D66000B3640 /* Frameworks */ = {
			isa = PBXFrameworksBuildPhase;
			buildActionMask = 2147483647;
			files = (
			);
			runOnlyForDeploymentPostprocessing = 0;
		};
/* End PBXFrameworksBuildPhase section */

/* Begin PBXGroup section */
		EDB9475C22EA0D66000B3640 = {
			isa = PBXGroup;
			children = (
				EDB9476722EA0D66000B3640 /* CoreData */,
				EDB9476622EA0D66000B3640 /* Products */,
			);
			sourceTree = "<group>";
		};
		EDB9476622EA0D66000B3640 /* Products */ = {
			isa = PBXGroup;
			children = (
				EDB9476522EA0D66000B3640 /* CoreData.app */,
			);
			name = Products;
			sourceTree = "<group>";
		};
		EDB9476722EA0D66000B3640 /* CoreData */ = {
			isa = PBXGroup;
			children = (
				EDB9477D22EA16FE000B3640 /* Helpers */,
				EDB9477C22EA165F000B3640 /* Models */,
				EDB9477B22EA1659000B3640 /* Views */,
				EDB9477A22EA1647000B3640 /* Controllers */,
				EDB9476822EA0D66000B3640 /* AppDelegate.swift */,
				EDB9476C22EA0D66000B3640 /* Main.storyboard */,
				EDB9476F22EA0D67000B3640 /* Assets.xcassets */,
				EDB9477122EA0D67000B3640 /* LaunchScreen.storyboard */,
				EDB9477422EA0D67000B3640 /* Info.plist */,
			);
			path = CoreData;
			sourceTree = "<group>";
		};
		EDB9477A22EA1647000B3640 /* Controllers */ = {
			isa = PBXGroup;
			children = (
				EDB9476A22EA0D66000B3640 /* HomeTableController.swift */,
			);
			path = Controllers;
			sourceTree = "<group>";
		};
		EDB9477B22EA1659000B3640 /* Views */ = {
			isa = PBXGroup;
			children = (
			);
			path = Views;
			sourceTree = "<group>";
		};
		EDB9477C22EA165F000B3640 /* Models */ = {
			isa = PBXGroup;
			children = (
				EDB9478022EA1B40000B3640 /* Company.swift */,
			);
			path = Models;
			sourceTree = "<group>";
		};
		EDB9477D22EA16FE000B3640 /* Helpers */ = {
			isa = PBXGroup;
			children = (
				EDB9477E22EA170A000B3640 /* Helpers.swift */,
			);
			path = Helpers;
			sourceTree = "<group>";
		};
/* End PBXGroup section */

/* Begin PBXNativeTarget section */
		EDB9476422EA0D66000B3640 /* CoreData */ = {
			isa = PBXNativeTarget;
			buildConfigurationList = EDB9477722EA0D67000B3640 /* Build configuration list for PBXNativeTarget "CoreData" */;
			buildPhases = (
				EDB9476122EA0D66000B3640 /* Sources */,
				EDB9476222EA0D66000B3640 /* Frameworks */,
				EDB9476322EA0D66000B3640 /* Resources */,
			);
			buildRules = (
			);
			dependencies = (
			);
			name = CoreData;
			productName = CoreData;
			productReference = EDB9476522EA0D66000B3640 /* CoreData.app */;
			productType = "com.apple.product-type.application";
		};
/* End PBXNativeTarget section */

/* Begin PBXProject section */
		EDB9475D22EA0D66000B3640 /* Project object */ = {
			isa = PBXProject;
			attributes = {
				LastSwiftUpdateCheck = 1030;
				LastUpgradeCheck = 1030;
				ORGANIZATIONNAME = "Kirill Ivanoff";
				TargetAttributes = {
					EDB9476422EA0D66000B3640 = {
						CreatedOnToolsVersion = 10.3;
					};
				};
			};
			buildConfigurationList = EDB9476022EA0D66000B3640 /* Build configuration list for PBXProject "CoreData" */;
			compatibilityVersion = "Xcode 9.3";
			developmentRegion = en;
			hasScannedForEncodings = 0;
			knownRegions = (
				en,
				Base,
			);
			mainGroup = EDB9475C22EA0D66000B3640;
			productRefGroup = EDB9476622EA0D66000B3640 /* Products */;
			projectDirPath = "";
			projectRoot = "";
			targets = (
				EDB9476422EA0D66000B3640 /* CoreData */,
			);
		};
/* End PBXProject section */

/* Begin PBXResourcesBuildPhase section */
		EDB9476322EA0D66000B3640 /* Resources */ = {
			isa = PBXResourcesBuildPhase;
			buildActionMask = 2147483647;
			files = (
				EDB9477322EA0D67000B3640 /* LaunchScreen.storyboard in Resources */,
				EDB9477022EA0D67000B3640 /* Assets.xcassets in Resources */,
				EDB9476E22EA0D66000B3640 /* Main.storyboard in Resources */,
			);
			runOnlyForDeploymentPostprocessing = 0;
		};
/* End PBXResourcesBuildPhase section */

/* Begin PBXSourcesBuildPhase section */
		EDB9476122EA0D66000B3640 /* Sources */ = {
			isa = PBXSourcesBuildPhase;
			buildActionMask = 2147483647;
			files = (
				EDB9476B22EA0D66000B3640 /* HomeTableController.swift in Sources */,
				EDB9477F22EA170A000B3640 /* Helpers.swift in Sources */,
				EDB9476922EA0D66000B3640 /* AppDelegate.swift in Sources */,
				EDB9478122EA1B40000B3640 /* Company.swift in Sources */,
			);
			runOnlyForDeploymentPostprocessing = 0;
		};
/* End PBXSourcesBuildPhase section */

/* Begin PBXVariantGroup section */
		EDB9476C22EA0D66000B3640 /* Main.storyboard */ = {
			isa = PBXVariantGroup;
			children = (
				EDB9476D22EA0D66000B3640 /* Base */,
			);
			name = Main.storyboard;
			sourceTree = "<group>";
		};
		EDB9477122EA0D67000B3640 /* LaunchScreen.storyboard */ = {
			isa = PBXVariantGroup;
			children = (
				EDB9477222EA0D67000B3640 /* Base */,
			);
			name = LaunchScreen.storyboard;
			sourceTree = "<group>";
		};
/* End PBXVariantGroup section */

/* Begin XCBuildConfiguration section */
		EDB9477522EA0D67000B3640 /* Debug */ = {
			isa = XCBuildConfiguration;
			buildSettings = {
				ALWAYS_SEARCH_USER_PATHS = NO;
				CLANG_ANALYZER_NONNULL = YES;
				CLANG_ANALYZER_NUMBER_OBJECT_CONVERSION = YES_AGGRESSIVE;
				CLANG_CXX_LANGUAGE_STANDARD = "gnu++14";
				CLANG_CXX_LIBRARY = "libc++";
				CLANG_ENABLE_MODULES = YES;
				CLANG_ENABLE_OBJC_ARC = YES;
				CLANG_ENABLE_OBJC_WEAK = YES;
				CLANG_WARN_BLOCK_CAPTURE_AUTORELEASING = YES;
				CLANG_WARN_BOOL_CONVERSION = YES;
				CLANG_WARN_COMMA = YES;
				CLANG_WARN_CONSTANT_CONVERSION = YES;
				CLANG_WARN_DEPRECATED_OBJC_IMPLEMENTATIONS = YES;
				CLANG_WARN_DIRECT_OBJC_ISA_USAGE = YES_ERROR;
				CLANG_WARN_DOCUMENTATION_COMMENTS = YES;
				CLANG_WARN_EMPTY_BODY = YES;
				CLANG_WARN_ENUM_CONVERSION = YES;
				CLANG_WARN_INFINITE_RECURSION = YES;
				CLANG_WARN_INT_CONVERSION = YES;
				CLANG_WARN_NON_LITERAL_NULL_CONVERSION = YES;
				CLANG_WARN_OBJC_IMPLICIT_RETAIN_SELF = YES;
				CLANG_WARN_OBJC_LITERAL_CONVERSION = YES;
				CLANG_WARN_OBJC_ROOT_CLASS = YES_ERROR;
				CLANG_WARN_RANGE_LOOP_ANALYSIS = YES;
				CLANG_WARN_STRICT_PROTOTYPES = YES;
				CLANG_WARN_SUSPICIOUS_MOVE = YES;
				CLANG_WARN_UNGUARDED_AVAILABILITY = YES_AGGRESSIVE;
				CLANG_WARN_UNREACHABLE_CODE = YES;
				CLANG_WARN__DUPLICATE_METHOD_MATCH = YES;
				CODE_SIGN_IDENTITY = "iPhone Developer";
				COPY_PHASE_STRIP = NO;
				DEBUG_INFORMATION_FORMAT = dwarf;
				ENABLE_STRICT_OBJC_MSGSEND = YES;
				ENABLE_TESTABILITY = YES;
				GCC_C_LANGUAGE_STANDARD = gnu11;
				GCC_DYNAMIC_NO_PIC = NO;
				GCC_NO_COMMON_BLOCKS = YES;
				GCC_OPTIMIZATION_LEVEL = 0;
				GCC_PREPROCESSOR_DEFINITIONS = (
					"DEBUG=1",
					"$(inherited)",
				);
				GCC_WARN_64_TO_32_BIT_CONVERSION = YES;
				GCC_WARN_ABOUT_RETURN_TYPE = YES_ERROR;
				GCC_WARN_UNDECLARED_SELECTOR = YES;
				GCC_WARN_UNINITIALIZED_AUTOS = YES_AGGRESSIVE;
				GCC_WARN_UNUSED_FUNCTION = YES;
				GCC_WARN_UNUSED_VARIABLE = YES;
				IPHONEOS_DEPLOYMENT_TARGET = 12.4;
				MTL_ENABLE_DEBUG_INFO = INCLUDE_SOURCE;
				MTL_FAST_MATH = YES;
				ONLY_ACTIVE_ARCH = YES;
				SDKROOT = iphoneos;
				SWIFT_ACTIVE_COMPILATION_CONDITIONS = DEBUG;
				SWIFT_OPTIMIZATION_LEVEL = "-Onone";
			};
			name = Debug;
		};
		EDB9477622EA0D67000B3640 /* Release */ = {
			isa = XCBuildConfiguration;
			buildSettings = {
				ALWAYS_SEARCH_USER_PATHS = NO;
				CLANG_ANALYZER_NONNULL = YES;
				CLANG_ANALYZER_NUMBER_OBJECT_CONVERSION = YES_AGGRESSIVE;
				CLANG_CXX_LANGUAGE_STANDARD = "gnu++14";
				CLANG_CXX_LIBRARY = "libc++";
				CLANG_ENABLE_MODULES = YES;
				CLANG_ENABLE_OBJC_ARC = YES;
				CLANG_ENABLE_OBJC_WEAK = YES;
				CLANG_WARN_BLOCK_CAPTURE_AUTORELEASING = YES;
				CLANG_WARN_BOOL_CONVERSION = YES;
				CLANG_WARN_COMMA = YES;
				CLANG_WARN_CONSTANT_CONVERSION = YES;
				CLANG_WARN_DEPRECATED_OBJC_IMPLEMENTATIONS = YES;
				CLANG_WARN_DIRECT_OBJC_ISA_USAGE = YES_ERROR;
				CLANG_WARN_DOCUMENTATION_COMMENTS = YES;
				CLANG_WARN_EMPTY_BODY = YES;
				CLANG_WARN_ENUM_CONVERSION = YES;
				CLANG_WARN_INFINITE_RECURSION = YES;
				CLANG_WARN_INT_CONVERSION = YES;
				CLANG_WARN_NON_LITERAL_NULL_CONVERSION = YES;
				CLANG_WARN_OBJC_IMPLICIT_RETAIN_SELF = YES;
				CLANG_WARN_OBJC_LITERAL_CONVERSION = YES;
				CLANG_WARN_OBJC_ROOT_CLASS = YES_ERROR;
				CLANG_WARN_RANGE_LOOP_ANALYSIS = YES;
				CLANG_WARN_STRICT_PROTOTYPES = YES;
				CLANG_WARN_SUSPICIOUS_MOVE = YES;
				CLANG_WARN_UNGUARDED_AVAILABILITY = YES_AGGRESSIVE;
				CLANG_WARN_UNREACHABLE_CODE = YES;
				CLANG_WARN__DUPLICATE_METHOD_MATCH = YES;
				CODE_SIGN_IDENTITY = "iPhone Developer";
				COPY_PHASE_STRIP = NO;
				DEBUG_INFORMATION_FORMAT = "dwarf-with-dsym";
				ENABLE_NS_ASSERTIONS = NO;
				ENABLE_STRICT_OBJC_MSGSEND = YES;
				GCC_C_LANGUAGE_STANDARD = gnu11;
				GCC_NO_COMMON_BLOCKS = YES;
				GCC_WARN_64_TO_32_BIT_CONVERSION = YES;
				GCC_WARN_ABOUT_RETURN_TYPE = YES_ERROR;
				GCC_WARN_UNDECLARED_SELECTOR = YES;
				GCC_WARN_UNINITIALIZED_AUTOS = YES_AGGRESSIVE;
				GCC_WARN_UNUSED_FUNCTION = YES;
				GCC_WARN_UNUSED_VARIABLE = YES;
				IPHONEOS_DEPLOYMENT_TARGET = 12.4;
				MTL_ENABLE_DEBUG_INFO = NO;
				MTL_FAST_MATH = YES;
				SDKROOT = iphoneos;
				SWIFT_COMPILATION_MODE = wholemodule;
				SWIFT_OPTIMIZATION_LEVEL = "-O";
				VALIDATE_PRODUCT = YES;
			};
			name = Release;
		};
		EDB9477822EA0D67000B3640 /* Debug */ = {
			isa = XCBuildConfiguration;
			buildSettings = {
				ASSETCATALOG_COMPILER_APPICON_NAME = AppIcon;
				CODE_SIGN_STYLE = Automatic;
				DEVELOPMENT_TEAM = CW6J7PGNU5;
				INFOPLIST_FILE = CoreData/Info.plist;
				LD_RUNPATH_SEARCH_PATHS = (
					"$(inherited)",
					"@executable_path/Frameworks",
				);
				PRODUCT_BUNDLE_IDENTIFIER = com.Ivanoff.K.CoreData;
				PRODUCT_NAME = "$(TARGET_NAME)";
				SWIFT_VERSION = 5.0;
				TARGETED_DEVICE_FAMILY = "1,2";
			};
			name = Debug;
		};
		EDB9477922EA0D67000B3640 /* Release */ = {
			isa = XCBuildConfiguration;
			buildSettings = {
				ASSETCATALOG_COMPILER_APPICON_NAME = AppIcon;
				CODE_SIGN_STYLE = Automatic;
				DEVELOPMENT_TEAM = CW6J7PGNU5;
				INFOPLIST_FILE = CoreData/Info.plist;
				LD_RUNPATH_SEARCH_PATHS = (
					"$(inherited)",
					"@executable_path/Frameworks",
				);
				PRODUCT_BUNDLE_IDENTIFIER = com.Ivanoff.K.CoreData;
				PRODUCT_NAME = "$(TARGET_NAME)";
				SWIFT_VERSION = 5.0;
				TARGETED_DEVICE_FAMILY = "1,2";
			};
			name = Release;
		};
/* End XCBuildConfiguration section */

/* Begin XCConfigurationList section */
		EDB9476022EA0D66000B3640 /* Build configuration list for PBXProject "CoreData" */ = {
			isa = XCConfigurationList;
			buildConfigurations = (
				EDB9477522EA0D67000B3640 /* Debug */,
				EDB9477622EA0D67000B3640 /* Release */,
			);
			defaultConfigurationIsVisible = 0;
			defaultConfigurationName = Release;
		};
		EDB9477722EA0D67000B3640 /* Build configuration list for PBXNativeTarget "CoreData" */ = {
			isa = XCConfigurationList;
			buildConfigurations = (
				EDB9477822EA0D67000B3640 /* Debug */,
				EDB9477922EA0D67000B3640 /* Release */,
			);
			defaultConfigurationIsVisible = 0;
			defaultConfigurationName = Release;
		};
/* End XCConfigurationList section */
	};
	rootObject = EDB9475D22EA0D66000B3640 /* Project object */;
}
